
Microsoft Visual Studio Solution File, Format Version 12.00
# Visual Studio Version 17
VisualStudioVersion = 17.5.002.0
MinimumVisualStudioVersion = 10.0.40219.1
Project("{9A19103F-16F7-4668-BE54-9A1E7A4F7556}") = "unitTest.Test", "unitTest.Test\unitTest.Test.csproj", "{149899C5-7403-42D9-BF06-064FAD351C6F}"
EndProject
Project("{9A19103F-16F7-4668-BE54-9A1E7A4F7556}") = "Opcion1LosCules", "src\Opcion1LosCules.csproj", "{EA65349E-F90D-46BA-B27E-BD97CFD9F185}"
EndProject
Global
	GlobalSection(SolutionConfigurationPlatforms) = preSolution
		Debug|Any CPU = Debug|Any CPU
		Release|Any CPU = Release|Any CPU
	EndGlobalSection
	GlobalSection(ProjectConfigurationPlatforms) = postSolution
		{149899C5-7403-42D9-BF06-064FAD351C6F}.Debug|Any CPU.ActiveCfg = Debug|Any CPU
		{149899C5-7403-42D9-BF06-064FAD351C6F}.Debug|Any CPU.Build.0 = Debug|Any CPU
		{149899C5-7403-42D9-BF06-064FAD351C6F}.Release|Any CPU.ActiveCfg = Release|Any CPU
		{149899C5-7403-42D9-BF06-064FAD351C6F}.Release|Any CPU.Build.0 = Release|Any CPU
		{EA65349E-F90D-46BA-B27E-BD97CFD9F185}.Debug|Any CPU.ActiveCfg = Debug|Any CPU
		{EA65349E-F90D-46BA-B27E-BD97CFD9F185}.Debug|Any CPU.Build.0 = Debug|Any CPU
		{EA65349E-F90D-46BA-B27E-BD97CFD9F185}.Release|Any CPU.ActiveCfg = Release|Any CPU
		{EA65349E-F90D-46BA-B27E-BD97CFD9F185}.Release|Any CPU.Build.0 = Release|Any CPU
	EndGlobalSection
	GlobalSection(SolutionProperties) = preSolution
		HideSolutionNode = FALSE
	EndGlobalSection
	GlobalSection(ExtensibilityGlobals) = postSolution
		SolutionGuid = {FB16D0E6-FF32-4DB2-9C21-5C0754938C68}
	EndGlobalSection
EndGlobal
